
Microsoft Visual Studio Solution File, Format Version 12.00
# Visual Studio Version 16
VisualStudioVersion = 16.0.31624.102
MinimumVisualStudioVersion = 10.0.40219.1
Project("{FAE04EC0-301F-11D3-BF4B-00C04F79EFBC}") = "2022-01-28_Opening-weekend", "2022-01-28_Opening-weekend\2022-01-28_Opening-weekend.csproj", "{1F78F239-D57F-4572-AA5B-2B45C0B3348C}"
EndProject
Global
	GlobalSection(SolutionConfigurationPlatforms) = preSolution
		Debug|Any CPU = Debug|Any CPU
		Release|Any CPU = Release|Any CPU
	EndGlobalSection
	GlobalSection(ProjectConfigurationPlatforms) = postSolution
		{1F78F239-D57F-4572-AA5B-2B45C0B3348C}.Debug|Any CPU.ActiveCfg = Debug|Any CPU
		{1F78F239-D57F-4572-AA5B-2B45C0B3348C}.Debug|Any CPU.Build.0 = Debug|Any CPU
		{1F78F239-D57F-4572-AA5B-2B45C0B3348C}.Release|Any CPU.ActiveCfg = Release|Any CPU
		{1F78F239-D57F-4572-AA5B-2B45C0B3348C}.Release|Any CPU.Build.0 = Release|Any CPU
	EndGlobalSection
	GlobalSection(SolutionProperties) = preSolution
		HideSolutionNode = FALSE
	EndGlobalSection
	GlobalSection(ExtensibilityGlobals) = postSolution
		SolutionGuid = {23D935AF-A20A-4E2C-BA9E-6DADBDD71FC0}
	EndGlobalSection
EndGlobal
